
Microsoft Visual Studio Solution File, Format Version 12.00
# Visual Studio 15
VisualStudioVersion = 15.0.27428.2037
MinimumVisualStudioVersion = 10.0.40219.1
Project("{FAE04EC0-301F-11D3-BF4B-00C04F79EFBC}") = "TestDataTools", "TestDataTool\TestDataTools.csproj", "{C7014F23-F0A0-4AFE-A54A-DDC16D439109}"
EndProject
Project("{FAE04EC0-301F-11D3-BF4B-00C04F79EFBC}") = "UnitTestProject1", "UnitTestProject1\UnitTestProject1.csproj", "{90022523-05F0-40EA-B0B7-5B609938681A}"
EndProject
Global
	GlobalSection(SolutionConfigurationPlatforms) = preSolution
		Debug|Any CPU = Debug|Any CPU
		Release|Any CPU = Release|Any CPU
	EndGlobalSection
	GlobalSection(ProjectConfigurationPlatforms) = postSolution
		{C7014F23-F0A0-4AFE-A54A-DDC16D439109}.Debug|Any CPU.ActiveCfg = Debug|Any CPU
		{C7014F23-F0A0-4AFE-A54A-DDC16D439109}.Debug|Any CPU.Build.0 = Debug|Any CPU
		{C7014F23-F0A0-4AFE-A54A-DDC16D439109}.Release|Any CPU.ActiveCfg = Release|Any CPU
		{C7014F23-F0A0-4AFE-A54A-DDC16D439109}.Release|Any CPU.Build.0 = Release|Any CPU
		{90022523-05F0-40EA-B0B7-5B609938681A}.Debug|Any CPU.ActiveCfg = Debug|Any CPU
		{90022523-05F0-40EA-B0B7-5B609938681A}.Debug|Any CPU.Build.0 = Debug|Any CPU
		{90022523-05F0-40EA-B0B7-5B609938681A}.Release|Any CPU.ActiveCfg = Release|Any CPU
		{90022523-05F0-40EA-B0B7-5B609938681A}.Release|Any CPU.Build.0 = Release|Any CPU
	EndGlobalSection
	GlobalSection(SolutionProperties) = preSolution
		HideSolutionNode = FALSE
	EndGlobalSection
	GlobalSection(ExtensibilityGlobals) = postSolution
		SolutionGuid = {472E7BD8-B792-485E-9B98-96A9B137B5A4}
	EndGlobalSection
EndGlobal
